
Microsoft Visual Studio Solution File, Format Version 12.00
# Visual Studio Version 17
VisualStudioVersion = 17.14.36414.22 d17.14
MinimumVisualStudioVersion = 10.0.40219.1
Project("{FAE04EC0-301F-11D3-BF4B-00C04F79EFBC}") = "Tugas2", "Tugas2\Tugas2.csproj", "{340D2FA7-C98E-4C4F-9020-0BEB97D19640}"
EndProject
Global
	GlobalSection(SolutionConfigurationPlatforms) = preSolution
		Debug|Any CPU = Debug|Any CPU
		Release|Any CPU = Release|Any CPU
	EndGlobalSection
	GlobalSection(ProjectConfigurationPlatforms) = postSolution
		{340D2FA7-C98E-4C4F-9020-0BEB97D19640}.Debug|Any CPU.ActiveCfg = Debug|Any CPU
		{340D2FA7-C98E-4C4F-9020-0BEB97D19640}.Debug|Any CPU.Build.0 = Debug|Any CPU
		{340D2FA7-C98E-4C4F-9020-0BEB97D19640}.Release|Any CPU.ActiveCfg = Release|Any CPU
		{340D2FA7-C98E-4C4F-9020-0BEB97D19640}.Release|Any CPU.Build.0 = Release|Any CPU
	EndGlobalSection
	GlobalSection(SolutionProperties) = preSolution
		HideSolutionNode = FALSE
	EndGlobalSection
	GlobalSection(ExtensibilityGlobals) = postSolution
		SolutionGuid = {4B7ECFF6-01F8-4397-9B3A-21A0FB053CDD}
	EndGlobalSection
EndGlobal
